// !$*UTF8*$!
{
	archiveVersion = 1;
	classes = {
	};
	objectVersion = 56;
	objects = {

/* Begin PBXBuildFile section */
		3F30889C29B2AC0700ED0021 /* BetterRest_1.mlproj in Resources */ = {isa = PBXBuildFile; fileRef = 3F30889B29B2AC0700ED0021 /* BetterRest_1.mlproj */; };
		3FDDE78F29B1CAA1002A2B4C /* BetterRestApp.swift in Sources */ = {isa = PBXBuildFile; fileRef = 3FDDE78E29B1CAA1002A2B4C /* BetterRestApp.swift */; };
		3FDDE79129B1CAA1002A2B4C /* ContentView.swift in Sources */ = {isa = PBXBuildFile; fileRef = 3FDDE79029B1CAA1002A2B4C /* ContentView.swift */; };
		3FDDE79329B1CAA4002A2B4C /* Assets.xcassets in Resources */ = {isa = PBXBuildFile; fileRef = 3FDDE79229B1CAA4002A2B4C /* Assets.xcassets */; };
		3FDDE79629B1CAA4002A2B4C /* Preview Assets.xcassets in Resources */ = {isa = PBXBuildFile; fileRef = 3FDDE79529B1CAA4002A2B4C /* Preview Assets.xcassets */; };
		3FDDE7A029B1CAA4002A2B4C /* BetterRestTests.swift in Sources */ = {isa = PBXBuildFile; fileRef = 3FDDE79F29B1CAA4002A2B4C /* BetterRestTests.swift */; };
		3FDDE7AA29B1CAA4002A2B4C /* BetterRestUITests.swift in Sources */ = {isa = PBXBuildFile; fileRef = 3FDDE7A929B1CAA4002A2B4C /* BetterRestUITests.swift */; };
		3FDDE7AC29B1CAA4002A2B4C /* BetterRestUITestsLaunchTests.swift in Sources */ = {isa = PBXBuildFile; fileRef = 3FDDE7AB29B1CAA4002A2B4C /* BetterRestUITestsLaunchTests.swift */; };
		3FDDE7BA29B1CB52002A2B4C /* BetterRest.csv in Resources */ = {isa = PBXBuildFile; fileRef = 3FDDE7B829B1CB51002A2B4C /* BetterRest.csv */; };
		3FDDE7BB29B1CB52002A2B4C /* SleepCalculator.mlmodel in Sources */ = {isa = PBXBuildFile; fileRef = 3FDDE7B929B1CB52002A2B4C /* SleepCalculator.mlmodel */; };
		3FDDE7BD29B1CF68002A2B4C /* README.md in Resources */ = {isa = PBXBuildFile; fileRef = 3FDDE7BC29B1CF68002A2B4C /* README.md */; };
/* End PBXBuildFile section */

/* Begin PBXContainerItemProxy section */
		3FDDE79C29B1CAA4002A2B4C /* PBXContainerItemProxy */ = {
			isa = PBXContainerItemProxy;
			containerPortal = 3FDDE78329B1CAA1002A2B4C /* Project object */;
			proxyType = 1;
			remoteGlobalIDString = 3FDDE78A29B1CAA1002A2B4C;
			remoteInfo = BetterRest;
		};
		3FDDE7A629B1CAA4002A2B4C /* PBXContainerItemProxy */ = {
			isa = PBXContainerItemProxy;
			containerPortal = 3FDDE78329B1CAA1002A2B4C /* Project object */;
			proxyType = 1;
			remoteGlobalIDString = 3FDDE78A29B1CAA1002A2B4C;
			remoteInfo = BetterRest;
		};
/* End PBXContainerItemProxy section */

/* Begin PBXFileReference section */
		3F30889129B29B7000ED0021 /* RFER.md */ = {isa = PBXFileReference; lastKnownFileType = net.daringfireball.markdown; path = RFER.md; sourceTree = "<group>"; };
		3F30889229B2AB4000ED0021 /* BetterRest.mlproj */ = {isa = PBXFileReference; lastKnownFileType = file; path = BetterRest.mlproj; sourceTree = SOURCE_ROOT; };
		3F30889329B2AB4000ED0021 /* BetterRest.csv */ = {isa = PBXFileReference; lastKnownFileType = file; path = BetterRest.csv; sourceTree = SOURCE_ROOT; };
		3F30889429B2AB4000ED0021 /* SleepCalculator.mlmodel */ = {isa = PBXFileReference; lastKnownFileType = file.mlmodel; path = SleepCalculator.mlmodel; sourceTree = SOURCE_ROOT; };
		3F30889B29B2AC0700ED0021 /* BetterRest_1.mlproj */ = {isa = PBXFileReference; lastKnownFileType = wrapper; path = BetterRest_1.mlproj; sourceTree = "<group>"; };
		3FDDE78B29B1CAA1002A2B4C /* BetterRest.app */ = {isa = PBXFileReference; explicitFileType = wrapper.application; includeInIndex = 0; path = BetterRest.app; sourceTree = BUILT_PRODUCTS_DIR; };
		3FDDE78E29B1CAA1002A2B4C /* BetterRestApp.swift */ = {isa = PBXFileReference; lastKnownFileType = sourcecode.swift; path = BetterRestApp.swift; sourceTree = "<group>"; };
		3FDDE79029B1CAA1002A2B4C /* ContentView.swift */ = {isa = PBXFileReference; lastKnownFileType = sourcecode.swift; path = ContentView.swift; sourceTree = "<group>"; };
		3FDDE79229B1CAA4002A2B4C /* Assets.xcassets */ = {isa = PBXFileReference; lastKnownFileType = folder.assetcatalog; path = Assets.xcassets; sourceTree = "<group>"; };
		3FDDE79529B1CAA4002A2B4C /* Preview Assets.xcassets */ = {isa = PBXFileReference; lastKnownFileType = folder.assetcatalog; path = "Preview Assets.xcassets"; sourceTree = "<group>"; };
		3FDDE79B29B1CAA4002A2B4C /* BetterRestTests.xctest */ = {isa = PBXFileReference; explicitFileType = wrapper.cfbundle; includeInIndex = 0; path = BetterRestTests.xctest; sourceTree = BUILT_PRODUCTS_DIR; };
		3FDDE79F29B1CAA4002A2B4C /* BetterRestTests.swift */ = {isa = PBXFileReference; lastKnownFileType = sourcecode.swift; path = BetterRestTests.swift; sourceTree = "<group>"; };
		3FDDE7A529B1CAA4002A2B4C /* BetterRestUITests.xctest */ = {isa = PBXFileReference; explicitFileType = wrapper.cfbundle; includeInIndex = 0; path = BetterRestUITests.xctest; sourceTree = BUILT_PRODUCTS_DIR; };
		3FDDE7A929B1CAA4002A2B4C /* BetterRestUITests.swift */ = {isa = PBXFileReference; lastKnownFileType = sourcecode.swift; path = BetterRestUITests.swift; sourceTree = "<group>"; };
		3FDDE7AB29B1CAA4002A2B4C /* BetterRestUITestsLaunchTests.swift */ = {isa = PBXFileReference; lastKnownFileType = sourcecode.swift; path = BetterRestUITestsLaunchTests.swift; sourceTree = "<group>"; };
		3FDDE7B829B1CB51002A2B4C /* BetterRest.csv */ = {isa = PBXFileReference; fileEncoding = 4; lastKnownFileType = text; path = BetterRest.csv; sourceTree = "<group>"; };
		3FDDE7B929B1CB52002A2B4C /* SleepCalculator.mlmodel */ = {isa = PBXFileReference; lastKnownFileType = file.mlmodel; path = SleepCalculator.mlmodel; sourceTree = "<group>"; };
		3FDDE7BC29B1CF68002A2B4C /* README.md */ = {isa = PBXFileReference; lastKnownFileType = net.daringfireball.markdown; path = README.md; sourceTree = "<group>"; };
/* End PBXFileReference section */

/* Begin PBXFrameworksBuildPhase section */
		3FDDE78829B1CAA1002A2B4C /* Frameworks */ = {
			isa = PBXFrameworksBuildPhase;
			buildActionMask = 2147483647;
			files = (
			);
			runOnlyForDeploymentPostprocessing = 0;
		};
		3FDDE79829B1CAA4002A2B4C /* Frameworks */ = {
			isa = PBXFrameworksBuildPhase;
			buildActionMask = 2147483647;
			files = (
			);
			runOnlyForDeploymentPostprocessing = 0;
		};
		3FDDE7A229B1CAA4002A2B4C /* Frameworks */ = {
			isa = PBXFrameworksBuildPhase;
			buildActionMask = 2147483647;
			files = (
			);
			runOnlyForDeploymentPostprocessing = 0;
		};
/* End PBXFrameworksBuildPhase section */

/* Begin PBXGroup section */
		3FDDE78229B1CAA1002A2B4C = {
			isa = PBXGroup;
			children = (
				3F30889129B29B7000ED0021 /* RFER.md */,
				3FDDE7BC29B1CF68002A2B4C /* README.md */,
				3FDDE7B829B1CB51002A2B4C /* BetterRest.csv */,
				3F30889B29B2AC0700ED0021 /* BetterRest_1.mlproj */,
				3FDDE7B929B1CB52002A2B4C /* SleepCalculator.mlmodel */,
				3FDDE78D29B1CAA1002A2B4C /* BetterRest */,
				3FDDE79E29B1CAA4002A2B4C /* BetterRestTests */,
				3FDDE7A829B1CAA4002A2B4C /* BetterRestUITests */,
				3FDDE78C29B1CAA1002A2B4C /* Products */,
			);
			sourceTree = "<group>";
		};
		3FDDE78C29B1CAA1002A2B4C /* Products */ = {
			isa = PBXGroup;
			children = (
				3FDDE78B29B1CAA1002A2B4C /* BetterRest.app */,
				3FDDE79B29B1CAA4002A2B4C /* BetterRestTests.xctest */,
				3FDDE7A529B1CAA4002A2B4C /* BetterRestUITests.xctest */,
			);
			name = Products;
			sourceTree = "<group>";
		};
		3FDDE78D29B1CAA1002A2B4C /* BetterRest */ = {
			isa = PBXGroup;
			children = (
				3FDDE78E29B1CAA1002A2B4C /* BetterRestApp.swift */,
				3FDDE79029B1CAA1002A2B4C /* ContentView.swift */,
				3FDDE79229B1CAA4002A2B4C /* Assets.xcassets */,
				3FDDE79429B1CAA4002A2B4C /* Preview Content */,
			);
			path = BetterRest;
			sourceTree = "<group>";
		};
		3FDDE79429B1CAA4002A2B4C /* Preview Content */ = {
			isa = PBXGroup;
			children = (
				3FDDE79529B1CAA4002A2B4C /* Preview Assets.xcassets */,
			);
			path = "Preview Content";
			sourceTree = "<group>";
		};
		3FDDE79E29B1CAA4002A2B4C /* BetterRestTests */ = {
			isa = PBXGroup;
			children = (
				3FDDE79F29B1CAA4002A2B4C /* BetterRestTests.swift */,
			);
			path = BetterRestTests;
			sourceTree = "<group>";
		};
		3FDDE7A829B1CAA4002A2B4C /* BetterRestUITests */ = {
			isa = PBXGroup;
			children = (
				3F30889329B2AB4000ED0021 /* BetterRest.csv */,
				3F30889229B2AB4000ED0021 /* BetterRest.mlproj */,
				3F30889429B2AB4000ED0021 /* SleepCalculator.mlmodel */,
				3FDDE7A929B1CAA4002A2B4C /* BetterRestUITests.swift */,
				3FDDE7AB29B1CAA4002A2B4C /* BetterRestUITestsLaunchTests.swift */,
			);
			path = BetterRestUITests;
			sourceTree = "<group>";
		};
/* End PBXGroup section */

/* Begin PBXNativeTarget section */
		3FDDE78A29B1CAA1002A2B4C /* BetterRest */ = {
			isa = PBXNativeTarget;
			buildConfigurationList = 3FDDE7AF29B1CAA4002A2B4C /* Build configuration list for PBXNativeTarget "BetterRest" */;
			buildPhases = (
				3FDDE78729B1CAA1002A2B4C /* Sources */,
				3FDDE78829B1CAA1002A2B4C /* Frameworks */,
				3FDDE78929B1CAA1002A2B4C /* Resources */,
			);
			buildRules = (
			);
			dependencies = (
			);
			name = BetterRest;
			productName = BetterRest;
			productReference = 3FDDE78B29B1CAA1002A2B4C /* BetterRest.app */;
			productType = "com.apple.product-type.application";
		};
		3FDDE79A29B1CAA4002A2B4C /* BetterRestTests */ = {
			isa = PBXNativeTarget;
			buildConfigurationList = 3FDDE7B229B1CAA4002A2B4C /* Build configuration list for PBXNativeTarget "BetterRestTests" */;
			buildPhases = (
				3FDDE79729B1CAA4002A2B4C /* Sources */,
				3FDDE79829B1CAA4002A2B4C /* Frameworks */,
				3FDDE79929B1CAA4002A2B4C /* Resources */,
			);
			buildRules = (
			);
			dependencies = (
				3FDDE79D29B1CAA4002A2B4C /* PBXTargetDependency */,
			);
			name = BetterRestTests;
			productName = BetterRestTests;
			productReference = 3FDDE79B29B1CAA4002A2B4C /* BetterRestTests.xctest */;
			productType = "com.apple.product-type.bundle.unit-test";
		};
		3FDDE7A429B1CAA4002A2B4C /* BetterRestUITests */ = {
			isa = PBXNativeTarget;
			buildConfigurationList = 3FDDE7B529B1CAA4002A2B4C /* Build configuration list for PBXNativeTarget "BetterRestUITests" */;
			buildPhases = (
				3FDDE7A129B1CAA4002A2B4C /* Sources */,
				3FDDE7A229B1CAA4002A2B4C /* Frameworks */,
				3FDDE7A329B1CAA4002A2B4C /* Resources */,
			);
			buildRules = (
			);
			dependencies = (
				3FDDE7A729B1CAA4002A2B4C /* PBXTargetDependency */,
			);
			name = BetterRestUITests;
			productName = BetterRestUITests;
			productReference = 3FDDE7A529B1CAA4002A2B4C /* BetterRestUITests.xctest */;
			productType = "com.apple.product-type.bundle.ui-testing";
		};
/* End PBXNativeTarget section */

/* Begin PBXProject section */
		3FDDE78329B1CAA1002A2B4C /* Project object */ = {
			isa = PBXProject;
			attributes = {
				BuildIndependentTargetsInParallel = 1;
				LastSwiftUpdateCheck = 1420;
				LastUpgradeCheck = 1420;
				TargetAttributes = {
					3FDDE78A29B1CAA1002A2B4C = {
						CreatedOnToolsVersion = 14.2;
					};
					3FDDE79A29B1CAA4002A2B4C = {
						CreatedOnToolsVersion = 14.2;
						TestTargetID = 3FDDE78A29B1CAA1002A2B4C;
					};
					3FDDE7A429B1CAA4002A2B4C = {
						CreatedOnToolsVersion = 14.2;
						TestTargetID = 3FDDE78A29B1CAA1002A2B4C;
					};
				};
			};
			buildConfigurationList = 3FDDE78629B1CAA1002A2B4C /* Build configuration list for PBXProject "BetterRest" */;
			compatibilityVersion = "Xcode 14.0";
			developmentRegion = en;
			hasScannedForEncodings = 0;
			knownRegions = (
				en,
				Base,
			);
			mainGroup = 3FDDE78229B1CAA1002A2B4C;
			productRefGroup = 3FDDE78C29B1CAA1002A2B4C /* Products */;
			projectDirPath = "";
			projectRoot = "";
			targets = (
				3FDDE78A29B1CAA1002A2B4C /* BetterRest */,
				3FDDE79A29B1CAA4002A2B4C /* BetterRestTests */,
				3FDDE7A429B1CAA4002A2B4C /* BetterRestUITests */,
			);
		};
/* End PBXProject section */

/* Begin PBXResourcesBuildPhase section */
		3FDDE78929B1CAA1002A2B4C /* Resources */ = {
			isa = PBXResourcesBuildPhase;
			buildActionMask = 2147483647;
			files = (
				3FDDE79629B1CAA4002A2B4C /* Preview Assets.xcassets in Resources */,
				3FDDE7BA29B1CB52002A2B4C /* BetterRest.csv in Resources */,
				3FDDE7BD29B1CF68002A2B4C /* README.md in Resources */,
				3FDDE79329B1CAA4002A2B4C /* Assets.xcassets in Resources */,
				3F30889C29B2AC0700ED0021 /* BetterRest_1.mlproj in Resources */,
			);
			runOnlyForDeploymentPostprocessing = 0;
		};
		3FDDE79929B1CAA4002A2B4C /* Resources */ = {
			isa = PBXResourcesBuildPhase;
			buildActionMask = 2147483647;
			files = (
			);
			runOnlyForDeploymentPostprocessing = 0;
		};
		3FDDE7A329B1CAA4002A2B4C /* Resources */ = {
			isa = PBXResourcesBuildPhase;
			buildActionMask = 2147483647;
			files = (
			);
			runOnlyForDeploymentPostprocessing = 0;
		};
/* End PBXResourcesBuildPhase section */

/* Begin PBXSourcesBuildPhase section */
		3FDDE78729B1CAA1002A2B4C /* Sources */ = {
			isa = PBXSourcesBuildPhase;
			buildActionMask = 2147483647;
			files = (
				3FDDE79129B1CAA1002A2B4C /* ContentView.swift in Sources */,
				3FDDE7BB29B1CB52002A2B4C /* SleepCalculator.mlmodel in Sources */,
				3FDDE78F29B1CAA1002A2B4C /* BetterRestApp.swift in Sources */,
			);
			runOnlyForDeploymentPostprocessing = 0;
		};
		3FDDE79729B1CAA4002A2B4C /* Sources */ = {
			isa = PBXSourcesBuildPhase;
			buildActionMask = 2147483647;
			files = (
				3FDDE7A029B1CAA4002A2B4C /* BetterRestTests.swift in Sources */,
			);
			runOnlyForDeploymentPostprocessing = 0;
		};
		3FDDE7A129B1CAA4002A2B4C /* Sources */ = {
			isa = PBXSourcesBuildPhase;
			buildActionMask = 2147483647;
			files = (
				3FDDE7AC29B1CAA4002A2B4C /* BetterRestUITestsLaunchTests.swift in Sources */,
				3FDDE7AA29B1CAA4002A2B4C /* BetterRestUITests.swift in Sources */,
			);
			runOnlyForDeploymentPostprocessing = 0;
		};
/* End PBXSourcesBuildPhase section */

/* Begin PBXTargetDependency section */
		3FDDE79D29B1CAA4002A2B4C /* PBXTargetDependency */ = {
			isa = PBXTargetDependency;
			target = 3FDDE78A29B1CAA1002A2B4C /* BetterRest */;
			targetProxy = 3FDDE79C29B1CAA4002A2B4C /* PBXContainerItemProxy */;
		};
		3FDDE7A729B1CAA4002A2B4C /* PBXTargetDependency */ = {
			isa = PBXTargetDependency;
			target = 3FDDE78A29B1CAA1002A2B4C /* BetterRest */;
			targetProxy = 3FDDE7A629B1CAA4002A2B4C /* PBXContainerItemProxy */;
		};
/* End PBXTargetDependency section */

/* Begin XCBuildConfiguration section */
		3FDDE7AD29B1CAA4002A2B4C /* Debug */ = {
			isa = XCBuildConfiguration;
			buildSettings = {
				ALWAYS_SEARCH_USER_PATHS = NO;
				CLANG_ANALYZER_NONNULL = YES;
				CLANG_ANALYZER_NUMBER_OBJECT_CONVERSION = YES_AGGRESSIVE;
				CLANG_CXX_LANGUAGE_STANDARD = "gnu++20";
				CLANG_ENABLE_MODULES = YES;
				CLANG_ENABLE_OBJC_ARC = YES;
				CLANG_ENABLE_OBJC_WEAK = YES;
				CLANG_WARN_BLOCK_CAPTURE_AUTORELEASING = YES;
				CLANG_WARN_BOOL_CONVERSION = YES;
				CLANG_WARN_COMMA = YES;
				CLANG_WARN_CONSTANT_CONVERSION = YES;
				CLANG_WARN_DEPRECATED_OBJC_IMPLEMENTATIONS = YES;
				CLANG_WARN_DIRECT_OBJC_ISA_USAGE = YES_ERROR;
				CLANG_WARN_DOCUMENTATION_COMMENTS = YES;
				CLANG_WARN_EMPTY_BODY = YES;
				CLANG_WARN_ENUM_CONVERSION = YES;
				CLANG_WARN_INFINITE_RECURSION = YES;
				CLANG_WARN_INT_CONVERSION = YES;
				CLANG_WARN_NON_LITERAL_NULL_CONVERSION = YES;
				CLANG_WARN_OBJC_IMPLICIT_RETAIN_SELF = YES;
				CLANG_WARN_OBJC_LITERAL_CONVERSION = YES;
				CLANG_WARN_OBJC_ROOT_CLASS = YES_ERROR;
				CLANG_WARN_QUOTED_INCLUDE_IN_FRAMEWORK_HEADER = YES;
				CLANG_WARN_RANGE_LOOP_ANALYSIS = YES;
				CLANG_WARN_STRICT_PROTOTYPES = YES;
				CLANG_WARN_SUSPICIOUS_MOVE = YES;
				CLANG_WARN_UNGUARDED_AVAILABILITY = YES_AGGRESSIVE;
				CLANG_WARN_UNREACHABLE_CODE = YES;
				CLANG_WARN__DUPLICATE_METHOD_MATCH = YES;
				COPY_PHASE_STRIP = NO;
				DEBUG_INFORMATION_FORMAT = dwarf;
				ENABLE_STRICT_OBJC_MSGSEND = YES;
				ENABLE_TESTABILITY = YES;
				GCC_C_LANGUAGE_STANDARD = gnu11;
				GCC_DYNAMIC_NO_PIC = NO;
				GCC_NO_COMMON_BLOCKS = YES;
				GCC_OPTIMIZATION_LEVEL = 0;
				GCC_PREPROCESSOR_DEFINITIONS = (
					"DEBUG=1",
					"$(inherited)",
				);
				GCC_WARN_64_TO_32_BIT_CONVERSION = YES;
				GCC_WARN_ABOUT_RETURN_TYPE = YES_ERROR;
				GCC_WARN_UNDECLARED_SELECTOR = YES;
				GCC_WARN_UNINITIALIZED_AUTOS = YES_AGGRESSIVE;
				GCC_WARN_UNUSED_FUNCTION = YES;
				GCC_WARN_UNUSED_VARIABLE = YES;
				IPHONEOS_DEPLOYMENT_TARGET = 16.2;
				MTL_ENABLE_DEBUG_INFO = INCLUDE_SOURCE;
				MTL_FAST_MATH = YES;
				ONLY_ACTIVE_ARCH = YES;
				SDKROOT = iphoneos;
				SWIFT_ACTIVE_COMPILATION_CONDITIONS = DEBUG;
				SWIFT_OPTIMIZATION_LEVEL = "-Onone";
			};
			name = Debug;
		};
		3FDDE7AE29B1CAA4002A2B4C /* Release */ = {
			isa = XCBuildConfiguration;
			buildSettings = {
				ALWAYS_SEARCH_USER_PATHS = NO;
				CLANG_ANALYZER_NONNULL = YES;
				CLANG_ANALYZER_NUMBER_OBJECT_CONVERSION = YES_AGGRESSIVE;
				CLANG_CXX_LANGUAGE_STANDARD = "gnu++20";
				CLANG_ENABLE_MODULES = YES;
				CLANG_ENABLE_OBJC_ARC = YES;
				CLANG_ENABLE_OBJC_WEAK = YES;
				CLANG_WARN_BLOCK_CAPTURE_AUTORELEASING = YES;
				CLANG_WARN_BOOL_CONVERSION = YES;
				CLANG_WARN_COMMA = YES;
				CLANG_WARN_CONSTANT_CONVERSION = YES;
				CLANG_WARN_DEPRECATED_OBJC_IMPLEMENTATIONS = YES;
				CLANG_WARN_DIRECT_OBJC_ISA_USAGE = YES_ERROR;
				CLANG_WARN_DOCUMENTATION_COMMENTS = YES;
				CLANG_WARN_EMPTY_BODY = YES;
				CLANG_WARN_ENUM_CONVERSION = YES;
				CLANG_WARN_INFINITE_RECURSION = YES;
				CLANG_WARN_INT_CONVERSION = YES;
				CLANG_WARN_NON_LITERAL_NULL_CONVERSION = YES;
				CLANG_WARN_OBJC_IMPLICIT_RETAIN_SELF = YES;
				CLANG_WARN_OBJC_LITERAL_CONVERSION = YES;
				CLANG_WARN_OBJC_ROOT_CLASS = YES_ERROR;
				CLANG_WARN_QUOTED_INCLUDE_IN_FRAMEWORK_HEADER = YES;
				CLANG_WARN_RANGE_LOOP_ANALYSIS = YES;
				CLANG_WARN_STRICT_PROTOTYPES = YES;
				CLANG_WARN_SUSPICIOUS_MOVE = YES;
				CLANG_WARN_UNGUARDED_AVAILABILITY = YES_AGGRESSIVE;
				CLANG_WARN_UNREACHABLE_CODE = YES;
				CLANG_WARN__DUPLICATE_METHOD_MATCH = YES;
				COPY_PHASE_STRIP = NO;
				DEBUG_INFORMATION_FORMAT = "dwarf-with-dsym";
				ENABLE_NS_ASSERTIONS = NO;
				ENABLE_STRICT_OBJC_MSGSEND = YES;
				GCC_C_LANGUAGE_STANDARD = gnu11;
				GCC_NO_COMMON_BLOCKS = YES;
				GCC_WARN_64_TO_32_BIT_CONVERSION = YES;
				GCC_WARN_ABOUT_RETURN_TYPE = YES_ERROR;
				GCC_WARN_UNDECLARED_SELECTOR = YES;
				GCC_WARN_UNINITIALIZED_AUTOS = YES_AGGRESSIVE;
				GCC_WARN_UNUSED_FUNCTION = YES;
				GCC_WARN_UNUSED_VARIABLE = YES;
				IPHONEOS_DEPLOYMENT_TARGET = 16.2;
				MTL_ENABLE_DEBUG_INFO = NO;
				MTL_FAST_MATH = YES;
				SDKROOT = iphoneos;
				SWIFT_COMPILATION_MODE = wholemodule;
				SWIFT_OPTIMIZATION_LEVEL = "-O";
				VALIDATE_PRODUCT = YES;
			};
			name = Release;
		};
		3FDDE7B029B1CAA4002A2B4C /* Debug */ = {
			isa = XCBuildConfiguration;
			buildSettings = {
				ASSETCATALOG_COMPILER_APPICON_NAME = AppIcon;
				ASSETCATALOG_COMPILER_GLOBAL_ACCENT_COLOR_NAME = AccentColor;
				CODE_SIGN_STYLE = Automatic;
				CURRENT_PROJECT_VERSION = 1;
				DEVELOPMENT_ASSET_PATHS = "\"BetterRest/Preview Content\"";
				ENABLE_PREVIEWS = YES;
				GENERATE_INFOPLIST_FILE = YES;
				INFOPLIST_KEY_UIApplicationSceneManifest_Generation = YES;
				INFOPLIST_KEY_UIApplicationSupportsIndirectInputEvents = YES;
				INFOPLIST_KEY_UILaunchScreen_Generation = YES;
				INFOPLIST_KEY_UISupportedInterfaceOrientations_iPad = "UIInterfaceOrientationPortrait UIInterfaceOrientationPortraitUpsideDown UIInterfaceOrientationLandscapeLeft UIInterfaceOrientationLandscapeRight";
				INFOPLIST_KEY_UISupportedInterfaceOrientations_iPhone = "UIInterfaceOrientationPortrait UIInterfaceOrientationLandscapeLeft UIInterfaceOrientationLandscapeRight";
				LD_RUNPATH_SEARCH_PATHS = (
					"$(inherited)",
					"@executable_path/Frameworks",
				);
				MARKETING_VERSION = 1.0;
				PRODUCT_BUNDLE_IDENTIFIER = SeikaHirori.BetterRest;
				PRODUCT_NAME = "$(TARGET_NAME)";
				SWIFT_EMIT_LOC_STRINGS = YES;
				SWIFT_VERSION = 5.0;
				TARGETED_DEVICE_FAMILY = "1,2";
			};
			name = Debug;
		};
		3FDDE7B129B1CAA4002A2B4C /* Release */ = {
			isa = XCBuildConfiguration;
			buildSettings = {
				ASSETCATALOG_COMPILER_APPICON_NAME = AppIcon;
				ASSETCATALOG_COMPILER_GLOBAL_ACCENT_COLOR_NAME = AccentColor;
				CODE_SIGN_STYLE = Automatic;
				CURRENT_PROJECT_VERSION = 1;
				DEVELOPMENT_ASSET_PATHS = "\"BetterRest/Preview Content\"";
				ENABLE_PREVIEWS = YES;
				GENERATE_INFOPLIST_FILE = YES;
				INFOPLIST_KEY_UIApplicationSceneManifest_Generation = YES;
				INFOPLIST_KEY_UIApplicationSupportsIndirectInputEvents = YES;
				INFOPLIST_KEY_UILaunchScreen_Generation = YES;
				INFOPLIST_KEY_UISupportedInterfaceOrientations_iPad = "UIInterfaceOrientationPortrait UIInterfaceOrientationPortraitUpsideDown UIInterfaceOrientationLandscapeLeft UIInterfaceOrientationLandscapeRight";
				INFOPLIST_KEY_UISupportedInterfaceOrientations_iPhone = "UIInterfaceOrientationPortrait UIInterfaceOrientationLandscapeLeft UIInterfaceOrientationLandscapeRight";
				LD_RUNPATH_SEARCH_PATHS = (
					"$(inherited)",
					"@executable_path/Frameworks",
				);
				MARKETING_VERSION = 1.0;
				PRODUCT_BUNDLE_IDENTIFIER = SeikaHirori.BetterRest;
				PRODUCT_NAME = "$(TARGET_NAME)";
				SWIFT_EMIT_LOC_STRINGS = YES;
				SWIFT_VERSION = 5.0;
				TARGETED_DEVICE_FAMILY = "1,2";
			};
			name = Release;
		};
		3FDDE7B329B1CAA4002A2B4C /* Debug */ = {
			isa = XCBuildConfiguration;
			buildSettings = {
				ALWAYS_EMBED_SWIFT_STANDARD_LIBRARIES = YES;
				BUNDLE_LOADER = "$(TEST_HOST)";
				CODE_SIGN_STYLE = Automatic;
				CURRENT_PROJECT_VERSION = 1;
				GENERATE_INFOPLIST_FILE = YES;
				IPHONEOS_DEPLOYMENT_TARGET = 16.2;
				MARKETING_VERSION = 1.0;
				PRODUCT_BUNDLE_IDENTIFIER = SeikaHirori.BetterRestTests;
				PRODUCT_NAME = "$(TARGET_NAME)";
				SWIFT_EMIT_LOC_STRINGS = NO;
				SWIFT_VERSION = 5.0;
				TARGETED_DEVICE_FAMILY = "1,2";
				TEST_HOST = "$(BUILT_PRODUCTS_DIR)/BetterRest.app/$(BUNDLE_EXECUTABLE_FOLDER_PATH)/BetterRest";
			};
			name = Debug;
		};
		3FDDE7B429B1CAA4002A2B4C /* Release */ = {
			isa = XCBuildConfiguration;
			buildSettings = {
				ALWAYS_EMBED_SWIFT_STANDARD_LIBRARIES = YES;
				BUNDLE_LOADER = "$(TEST_HOST)";
				CODE_SIGN_STYLE = Automatic;
				CURRENT_PROJECT_VERSION = 1;
				GENERATE_INFOPLIST_FILE = YES;
				IPHONEOS_DEPLOYMENT_TARGET = 16.2;
				MARKETING_VERSION = 1.0;
				PRODUCT_BUNDLE_IDENTIFIER = SeikaHirori.BetterRestTests;
				PRODUCT_NAME = "$(TARGET_NAME)";
				SWIFT_EMIT_LOC_STRINGS = NO;
				SWIFT_VERSION = 5.0;
				TARGETED_DEVICE_FAMILY = "1,2";
				TEST_HOST = "$(BUILT_PRODUCTS_DIR)/BetterRest.app/$(BUNDLE_EXECUTABLE_FOLDER_PATH)/BetterRest";
			};
			name = Release;
		};
		3FDDE7B629B1CAA4002A2B4C /* Debug */ = {
			isa = XCBuildConfiguration;
			buildSettings = {
				ALWAYS_EMBED_SWIFT_STANDARD_LIBRARIES = YES;
				CODE_SIGN_STYLE = Automatic;
				CURRENT_PROJECT_VERSION = 1;
				GENERATE_INFOPLIST_FILE = YES;
				MARKETING_VERSION = 1.0;
				PRODUCT_BUNDLE_IDENTIFIER = SeikaHirori.BetterRestUITests;
				PRODUCT_NAME = "$(TARGET_NAME)";
				SWIFT_EMIT_LOC_STRINGS = NO;
				SWIFT_VERSION = 5.0;
				TARGETED_DEVICE_FAMILY = "1,2";
				TEST_TARGET_NAME = BetterRest;
			};
			name = Debug;
		};
		3FDDE7B729B1CAA4002A2B4C /* Release */ = {
			isa = XCBuildConfiguration;
			buildSettings = {
				ALWAYS_EMBED_SWIFT_STANDARD_LIBRARIES = YES;
				CODE_SIGN_STYLE = Automatic;
				CURRENT_PROJECT_VERSION = 1;
				GENERATE_INFOPLIST_FILE = YES;
				MARKETING_VERSION = 1.0;
				PRODUCT_BUNDLE_IDENTIFIER = SeikaHirori.BetterRestUITests;
				PRODUCT_NAME = "$(TARGET_NAME)";
				SWIFT_EMIT_LOC_STRINGS = NO;
				SWIFT_VERSION = 5.0;
				TARGETED_DEVICE_FAMILY = "1,2";
				TEST_TARGET_NAME = BetterRest;
			};
			name = Release;
		};
/* End XCBuildConfiguration section */

/* Begin XCConfigurationList section */
		3FDDE78629B1CAA1002A2B4C /* Build configuration list for PBXProject "BetterRest" */ = {
			isa = XCConfigurationList;
			buildConfigurations = (
				3FDDE7AD29B1CAA4002A2B4C /* Debug */,
				3FDDE7AE29B1CAA4002A2B4C /* Release */,
			);
			defaultConfigurationIsVisible = 0;
			defaultConfigurationName = Release;
		};
		3FDDE7AF29B1CAA4002A2B4C /* Build configuration list for PBXNativeTarget "BetterRest" */ = {
			isa = XCConfigurationList;
			buildConfigurations = (
				3FDDE7B029B1CAA4002A2B4C /* Debug */,
				3FDDE7B129B1CAA4002A2B4C /* Release */,
			);
			defaultConfigurationIsVisible = 0;
			defaultConfigurationName = Release;
		};
		3FDDE7B229B1CAA4002A2B4C /* Build configuration list for PBXNativeTarget "BetterRestTests" */ = {
			isa = XCConfigurationList;
			buildConfigurations = (
				3FDDE7B329B1CAA4002A2B4C /* Debug */,
				3FDDE7B429B1CAA4002A2B4C /* Release */,
			);
			defaultConfigurationIsVisible = 0;
			defaultConfigurationName = Release;
		};
		3FDDE7B529B1CAA4002A2B4C /* Build configuration list for PBXNativeTarget "BetterRestUITests" */ = {
			isa = XCConfigurationList;
			buildConfigurations = (
				3FDDE7B629B1CAA4002A2B4C /* Debug */,
				3FDDE7B729B1CAA4002A2B4C /* Release */,
			);
			defaultConfigurationIsVisible = 0;
			defaultConfigurationName = Release;
		};
/* End XCConfigurationList section */
	};
	rootObject = 3FDDE78329B1CAA1002A2B4C /* Project object */;
}
